
Microsoft Visual Studio Solution File, Format Version 12.00
# Visual Studio Version 17
VisualStudioVersion = 17.0.32126.317
MinimumVisualStudioVersion = 10.0.40219.1
Project("{9A19103F-16F7-4668-BE54-9A1E7A4F7556}") = "AddTextToExistingPDF.NETCore", "AddTextToExistingPDF.NETCore.csproj", "{B148D152-B589-430B-B66F-320A467F0677}"
EndProject
Global
	GlobalSection(SolutionConfigurationPlatforms) = preSolution
		Debug|Any CPU = Debug|Any CPU
		Release|Any CPU = Release|Any CPU
	EndGlobalSection
	GlobalSection(ProjectConfigurationPlatforms) = postSolution
		{B148D152-B589-430B-B66F-320A467F0677}.Debug|Any CPU.ActiveCfg = Debug|Any CPU
		{B148D152-B589-430B-B66F-320A467F0677}.Debug|Any CPU.Build.0 = Debug|Any CPU
		{B148D152-B589-430B-B66F-320A467F0677}.Release|Any CPU.ActiveCfg = Release|Any CPU
		{B148D152-B589-430B-B66F-320A467F0677}.Release|Any CPU.Build.0 = Release|Any CPU
	EndGlobalSection
	GlobalSection(SolutionProperties) = preSolution
		HideSolutionNode = FALSE
	EndGlobalSection
	GlobalSection(ExtensibilityGlobals) = postSolution
		SolutionGuid = {D635EA2F-CD63-4DE2-B954-D2450F6ED1E9}
	EndGlobalSection
EndGlobal
