
Microsoft Visual Studio Solution File, Format Version 12.00
# Visual Studio Version 17
VisualStudioVersion = 17.0.32126.317
MinimumVisualStudioVersion = 10.0.40219.1
Project("{9A19103F-16F7-4668-BE54-9A1E7A4F7556}") = "AddImagesToExistingPDF.NETCore", "AddImagesToExistingPDF.NETCore.csproj", "{7AFC7689-53BB-4974-84C1-6AB9E2F7AB04}"
EndProject
Global
	GlobalSection(SolutionConfigurationPlatforms) = preSolution
		Debug|Any CPU = Debug|Any CPU
		Release|Any CPU = Release|Any CPU
	EndGlobalSection
	GlobalSection(ProjectConfigurationPlatforms) = postSolution
		{7AFC7689-53BB-4974-84C1-6AB9E2F7AB04}.Debug|Any CPU.ActiveCfg = Debug|Any CPU
		{7AFC7689-53BB-4974-84C1-6AB9E2F7AB04}.Debug|Any CPU.Build.0 = Debug|Any CPU
		{7AFC7689-53BB-4974-84C1-6AB9E2F7AB04}.Release|Any CPU.ActiveCfg = Release|Any CPU
		{7AFC7689-53BB-4974-84C1-6AB9E2F7AB04}.Release|Any CPU.Build.0 = Release|Any CPU
	EndGlobalSection
	GlobalSection(SolutionProperties) = preSolution
		HideSolutionNode = FALSE
	EndGlobalSection
	GlobalSection(ExtensibilityGlobals) = postSolution
		SolutionGuid = {0C0C264E-BAC2-464B-8EA1-FDC9752A17B4}
	EndGlobalSection
EndGlobal
