
Microsoft Visual Studio Solution File, Format Version 12.00
# Visual Studio Version 17
VisualStudioVersion = 17.0.32126.317
MinimumVisualStudioVersion = 10.0.40219.1
Project("{9A19103F-16F7-4668-BE54-9A1E7A4F7556}") = "AddTextByFindingTargetCoordinates.NETCore", "AddTextByFindingTargetCoordinates.NETCore.csproj", "{D87B353A-41DC-4DF0-94F3-FB4992270F39}"
EndProject
Global
	GlobalSection(SolutionConfigurationPlatforms) = preSolution
		Debug|Any CPU = Debug|Any CPU
		Release|Any CPU = Release|Any CPU
	EndGlobalSection
	GlobalSection(ProjectConfigurationPlatforms) = postSolution
		{D87B353A-41DC-4DF0-94F3-FB4992270F39}.Debug|Any CPU.ActiveCfg = Debug|Any CPU
		{D87B353A-41DC-4DF0-94F3-FB4992270F39}.Debug|Any CPU.Build.0 = Debug|Any CPU
		{D87B353A-41DC-4DF0-94F3-FB4992270F39}.Release|Any CPU.ActiveCfg = Release|Any CPU
		{D87B353A-41DC-4DF0-94F3-FB4992270F39}.Release|Any CPU.Build.0 = Release|Any CPU
	EndGlobalSection
	GlobalSection(SolutionProperties) = preSolution
		HideSolutionNode = FALSE
	EndGlobalSection
	GlobalSection(ExtensibilityGlobals) = postSolution
		SolutionGuid = {1350E668-462A-49F0-A25D-6EE76CFDA321}
	EndGlobalSection
EndGlobal
