
Microsoft Visual Studio Solution File, Format Version 12.00
# Visual Studio Version 17
VisualStudioVersion = 17.0.32126.317
MinimumVisualStudioVersion = 10.0.40219.1
Project("{9A19103F-16F7-4668-BE54-9A1E7A4F7556}") = "ByteScoutWebApiExample.NETCore", "ByteScoutWebApiExample.NETCore.csproj", "{59FF6480-E559-4A1F-8BFC-C09B6E1387E0}"
EndProject
Global
	GlobalSection(SolutionConfigurationPlatforms) = preSolution
		Debug|Any CPU = Debug|Any CPU
		Release|Any CPU = Release|Any CPU
	EndGlobalSection
	GlobalSection(ProjectConfigurationPlatforms) = postSolution
		{59FF6480-E559-4A1F-8BFC-C09B6E1387E0}.Debug|Any CPU.ActiveCfg = Debug|Any CPU
		{59FF6480-E559-4A1F-8BFC-C09B6E1387E0}.Debug|Any CPU.Build.0 = Debug|Any CPU
		{59FF6480-E559-4A1F-8BFC-C09B6E1387E0}.Release|Any CPU.ActiveCfg = Release|Any CPU
		{59FF6480-E559-4A1F-8BFC-C09B6E1387E0}.Release|Any CPU.Build.0 = Release|Any CPU
	EndGlobalSection
	GlobalSection(SolutionProperties) = preSolution
		HideSolutionNode = FALSE
	EndGlobalSection
	GlobalSection(ExtensibilityGlobals) = postSolution
		SolutionGuid = {FE9271C7-E384-481F-BE0F-160BA65EB516}
	EndGlobalSection
EndGlobal
